github.com/bmatcuk/doublestar/v4 v4.6.1 h1:FH9SifrbvJhnlQpztAx++wlkk70QBf0iBWDwNy7PA4I=
github.com/bmatcuk/doublestar/v4 v4.6.1/go.mod h1:xBQ8jztBU6kakFMg+8WGxn0c6z1fTSPVIjEY1Wr7jzc=
github.com/toejough/imptest v0.0.0-20260109202530-cf98c6717b50 h1:sY2d6Ct3aX+AoQGUPqN9ICnzUN2qx0MeezjvWJNHMJM=
github.com/toejough/imptest v0.0.0-20260109202530-cf98c6717b50/go.mod h1:L5gsE4oBISu8cFkBAshDfclSn0MYLcT7Pn9AKZJWwPw=
